// !$*UTF8*$!
{
	archiveVersion = 1;
	classes = {
	};
	objectVersion = 56;
	objects = {

/* Begin PBXBuildFile section */
		22C08E6E5DC83B7FDE2F28B8 /* Pods_backdoorTests.framework in Frameworks */ = {isa = PBXBuildFile; fileRef = 471DC8B4231354C6CDB1C4ED /* Pods_backdoorTests.framework */; };
		33695C3B257F530164E3C795 /* Pods_backdoor_backdoorUITests.framework in Frameworks */ = {isa = PBXBuildFile; fileRef = F5EA09F64F80E4CC0CFFA763 /* Pods_backdoor_backdoorUITests.framework */; };
		A9122BCB2A8670D900440A07 /* Podfile in Resources */ = {isa = PBXBuildFile; fileRef = A9122BCA2A8670D900440A07 /* Podfile */; };
		A932C0A12A86635C00C0CA61 /* GameScene.sks in Resources */ = {isa = PBXBuildFile; fileRef = A932C09F2A86635C00C0CA61 /* GameScene.sks */; };
		A932C0A22A86635C00C0CA61 /* GameScene.swift in Sources */ = {isa = PBXBuildFile; fileRef = A932C0A02A86635C00C0CA61 /* GameScene.swift */; };
		A932C0A72A86643300C0CA61 /* Actions.sks in Resources */ = {isa = PBXBuildFile; fileRef = A932C0A32A86643300C0CA61 /* Actions.sks */; };
		A932C0A82A86643300C0CA61 /* GameViewController.swift in Sources */ = {isa = PBXBuildFile; fileRef = A932C0A42A86643300C0CA61 /* GameViewController.swift */; };
		A932C0A92A86643300C0CA61 /* Assets.xcassets in Resources */ = {isa = PBXBuildFile; fileRef = A932C0A52A86643300C0CA61 /* Assets.xcassets */; };
		A932C0AA2A86643300C0CA61 /* AppDelegate.swift in Sources */ = {isa = PBXBuildFile; fileRef = A932C0A62A86643300C0CA61 /* AppDelegate.swift */; };
		A9D9F9062A83146200676B0C /* Main.storyboard in Resources */ = {isa = PBXBuildFile; fileRef = A9D9F9042A83146200676B0C /* Main.storyboard */; };
		A9D9F90B2A83146500676B0C /* LaunchScreen.storyboard in Resources */ = {isa = PBXBuildFile; fileRef = A9D9F9092A83146500676B0C /* LaunchScreen.storyboard */; };
		A9D9F9152A83146500676B0C /* backdoorTests.swift in Sources */ = {isa = PBXBuildFile; fileRef = A9D9F9142A83146500676B0C /* backdoorTests.swift */; };
		A9D9F91F2A83146500676B0C /* backdoorUITests.swift in Sources */ = {isa = PBXBuildFile; fileRef = A9D9F91E2A83146500676B0C /* backdoorUITests.swift */; };
		A9D9F9212A83146500676B0C /* backdoorUITestsLaunchTests.swift in Sources */ = {isa = PBXBuildFile; fileRef = A9D9F9202A83146500676B0C /* backdoorUITestsLaunchTests.swift */; };
		E7A738CC29BB1E33494EEB0F /* Pods_backdoor.framework in Frameworks */ = {isa = PBXBuildFile; fileRef = 094533DC7E94E03409104630 /* Pods_backdoor.framework */; };
/* End PBXBuildFile section */

/* Begin PBXContainerItemProxy section */
		A9D9F9112A83146500676B0C /* PBXContainerItemProxy */ = {
			isa = PBXContainerItemProxy;
			containerPortal = A9D9F8EF2A83146200676B0C /* Project object */;
			proxyType = 1;
			remoteGlobalIDString = A9D9F8F62A83146200676B0C;
			remoteInfo = backdoor;
		};
		A9D9F91B2A83146500676B0C /* PBXContainerItemProxy */ = {
			isa = PBXContainerItemProxy;
			containerPortal = A9D9F8EF2A83146200676B0C /* Project object */;
			proxyType = 1;
			remoteGlobalIDString = A9D9F8F62A83146200676B0C;
			remoteInfo = backdoor;
		};
/* End PBXContainerItemProxy section */

/* Begin PBXFileReference section */
		094533DC7E94E03409104630 /* Pods_backdoor.framework */ = {isa = PBXFileReference; explicitFileType = wrapper.framework; includeInIndex = 0; path = Pods_backdoor.framework; sourceTree = BUILT_PRODUCTS_DIR; };
		471DC8B4231354C6CDB1C4ED /* Pods_backdoorTests.framework */ = {isa = PBXFileReference; explicitFileType = wrapper.framework; includeInIndex = 0; path = Pods_backdoorTests.framework; sourceTree = BUILT_PRODUCTS_DIR; };
		5A637390772E6675C643DFF4 /* Pods-backdoor-backdoorUITests.debug.xcconfig */ = {isa = PBXFileReference; includeInIndex = 1; lastKnownFileType = text.xcconfig; name = "Pods-backdoor-backdoorUITests.debug.xcconfig"; path = "Target Support Files/Pods-backdoor-backdoorUITests/Pods-backdoor-backdoorUITests.debug.xcconfig"; sourceTree = "<group>"; };
		6B7CA23C73F2D84A87E9F8EB /* Pods-backdoor.debug.xcconfig */ = {isa = PBXFileReference; includeInIndex = 1; lastKnownFileType = text.xcconfig; name = "Pods-backdoor.debug.xcconfig"; path = "Target Support Files/Pods-backdoor/Pods-backdoor.debug.xcconfig"; sourceTree = "<group>"; };
		A51194E3CDD7CB89E52D51C6 /* Pods-backdoor.release.xcconfig */ = {isa = PBXFileReference; includeInIndex = 1; lastKnownFileType = text.xcconfig; name = "Pods-backdoor.release.xcconfig"; path = "Target Support Files/Pods-backdoor/Pods-backdoor.release.xcconfig"; sourceTree = "<group>"; };
		A9122BCA2A8670D900440A07 /* Podfile */ = {isa = PBXFileReference; explicitFileType = text.script.ruby; fileEncoding = 4; path = Podfile; sourceTree = "<group>"; xcLanguageSpecificationIdentifier = xcode.lang.ruby; };
		A932C09F2A86635C00C0CA61 /* GameScene.sks */ = {isa = PBXFileReference; lastKnownFileType = file.sks; path = GameScene.sks; sourceTree = "<group>"; };
		A932C0A02A86635C00C0CA61 /* GameScene.swift */ = {isa = PBXFileReference; fileEncoding = 4; lastKnownFileType = sourcecode.swift; path = GameScene.swift; sourceTree = "<group>"; };
		A932C0A32A86643300C0CA61 /* Actions.sks */ = {isa = PBXFileReference; lastKnownFileType = file.sks; path = Actions.sks; sourceTree = "<group>"; };
		A932C0A42A86643300C0CA61 /* GameViewController.swift */ = {isa = PBXFileReference; fileEncoding = 4; lastKnownFileType = sourcecode.swift; path = GameViewController.swift; sourceTree = "<group>"; };
		A932C0A52A86643300C0CA61 /* Assets.xcassets */ = {isa = PBXFileReference; lastKnownFileType = folder.assetcatalog; path = Assets.xcassets; sourceTree = "<group>"; };
		A932C0A62A86643300C0CA61 /* AppDelegate.swift */ = {isa = PBXFileReference; fileEncoding = 4; lastKnownFileType = sourcecode.swift; path = AppDelegate.swift; sourceTree = "<group>"; };
		A9D9F8F72A83146200676B0C /* backdoor.app */ = {isa = PBXFileReference; explicitFileType = wrapper.application; includeInIndex = 0; path = backdoor.app; sourceTree = BUILT_PRODUCTS_DIR; };
		A9D9F9052A83146200676B0C /* Base */ = {isa = PBXFileReference; lastKnownFileType = file.storyboard; name = Base; path = Base.lproj/Main.storyboard; sourceTree = "<group>"; };
		A9D9F90A2A83146500676B0C /* Base */ = {isa = PBXFileReference; lastKnownFileType = file.storyboard; name = Base; path = Base.lproj/LaunchScreen.storyboard; sourceTree = "<group>"; };
		A9D9F9102A83146500676B0C /* backdoorTests.xctest */ = {isa = PBXFileReference; explicitFileType = wrapper.cfbundle; includeInIndex = 0; path = backdoorTests.xctest; sourceTree = BUILT_PRODUCTS_DIR; };
		A9D9F9142A83146500676B0C /* backdoorTests.swift */ = {isa = PBXFileReference; lastKnownFileType = sourcecode.swift; path = backdoorTests.swift; sourceTree = "<group>"; };
		A9D9F91A2A83146500676B0C /* backdoorUITests.xctest */ = {isa = PBXFileReference; explicitFileType = wrapper.cfbundle; includeInIndex = 0; path = backdoorUITests.xctest; sourceTree = BUILT_PRODUCTS_DIR; };
		A9D9F91E2A83146500676B0C /* backdoorUITests.swift */ = {isa = PBXFileReference; lastKnownFileType = sourcecode.swift; path = backdoorUITests.swift; sourceTree = "<group>"; };
		A9D9F9202A83146500676B0C /* backdoorUITestsLaunchTests.swift */ = {isa = PBXFileReference; lastKnownFileType = sourcecode.swift; path = backdoorUITestsLaunchTests.swift; sourceTree = "<group>"; };
		E82E577221CDEA93D94A2AC7 /* Pods-backdoorTests.release.xcconfig */ = {isa = PBXFileReference; includeInIndex = 1; lastKnownFileType = text.xcconfig; name = "Pods-backdoorTests.release.xcconfig"; path = "Target Support Files/Pods-backdoorTests/Pods-backdoorTests.release.xcconfig"; sourceTree = "<group>"; };
		ED372D82C54F3C52CE7C1F0A /* Pods-backdoorTests.debug.xcconfig */ = {isa = PBXFileReference; includeInIndex = 1; lastKnownFileType = text.xcconfig; name = "Pods-backdoorTests.debug.xcconfig"; path = "Target Support Files/Pods-backdoorTests/Pods-backdoorTests.debug.xcconfig"; sourceTree = "<group>"; };
		F5EA09F64F80E4CC0CFFA763 /* Pods_backdoor_backdoorUITests.framework */ = {isa = PBXFileReference; explicitFileType = wrapper.framework; includeInIndex = 0; path = Pods_backdoor_backdoorUITests.framework; sourceTree = BUILT_PRODUCTS_DIR; };
		F9E3FD1EA91ADE00E43A4818 /* Pods-backdoor-backdoorUITests.release.xcconfig */ = {isa = PBXFileReference; includeInIndex = 1; lastKnownFileType = text.xcconfig; name = "Pods-backdoor-backdoorUITests.release.xcconfig"; path = "Target Support Files/Pods-backdoor-backdoorUITests/Pods-backdoor-backdoorUITests.release.xcconfig"; sourceTree = "<group>"; };
/* End PBXFileReference section */

/* Begin PBXFrameworksBuildPhase section */
		A9D9F8F42A83146200676B0C /* Frameworks */ = {
			isa = PBXFrameworksBuildPhase;
			buildActionMask = 2147483647;
			files = (
				E7A738CC29BB1E33494EEB0F /* Pods_backdoor.framework in Frameworks */,
			);
			runOnlyForDeploymentPostprocessing = 0;
		};
		A9D9F90D2A83146500676B0C /* Frameworks */ = {
			isa = PBXFrameworksBuildPhase;
			buildActionMask = 2147483647;
			files = (
				22C08E6E5DC83B7FDE2F28B8 /* Pods_backdoorTests.framework in Frameworks */,
			);
			runOnlyForDeploymentPostprocessing = 0;
		};
		A9D9F9172A83146500676B0C /* Frameworks */ = {
			isa = PBXFrameworksBuildPhase;
			buildActionMask = 2147483647;
			files = (
				33695C3B257F530164E3C795 /* Pods_backdoor_backdoorUITests.framework in Frameworks */,
			);
			runOnlyForDeploymentPostprocessing = 0;
		};
/* End PBXFrameworksBuildPhase section */

/* Begin PBXGroup section */
		69CDFE214E8AEA19B0F3E788 /* Frameworks */ = {
			isa = PBXGroup;
			children = (
				094533DC7E94E03409104630 /* Pods_backdoor.framework */,
				F5EA09F64F80E4CC0CFFA763 /* Pods_backdoor_backdoorUITests.framework */,
				471DC8B4231354C6CDB1C4ED /* Pods_backdoorTests.framework */,
			);
			name = Frameworks;
			sourceTree = "<group>";
		};
		A9D9F8EE2A83146200676B0C = {
			isa = PBXGroup;
			children = (
				A9122BCA2A8670D900440A07 /* Podfile */,
				A9D9F8F92A83146200676B0C /* backdoor */,
				A9D9F9132A83146500676B0C /* backdoorTests */,
				A9D9F91D2A83146500676B0C /* backdoorUITests */,
				A9D9F8F82A83146200676B0C /* Products */,
				E1638268788641B0D153B521 /* Pods */,
				69CDFE214E8AEA19B0F3E788 /* Frameworks */,
			);
			sourceTree = "<group>";
		};
		A9D9F8F82A83146200676B0C /* Products */ = {
			isa = PBXGroup;
			children = (
				A9D9F8F72A83146200676B0C /* backdoor.app */,
				A9D9F9102A83146500676B0C /* backdoorTests.xctest */,
				A9D9F91A2A83146500676B0C /* backdoorUITests.xctest */,
			);
			name = Products;
			sourceTree = "<group>";
		};
		A9D9F8F92A83146200676B0C /* backdoor */ = {
			isa = PBXGroup;
			children = (
				A932C0A32A86643300C0CA61 /* Actions.sks */,
				A932C0A62A86643300C0CA61 /* AppDelegate.swift */,
				A932C0A52A86643300C0CA61 /* Assets.xcassets */,
				A932C0A42A86643300C0CA61 /* GameViewController.swift */,
				A932C09F2A86635C00C0CA61 /* GameScene.sks */,
				A932C0A02A86635C00C0CA61 /* GameScene.swift */,
				A9D9F9042A83146200676B0C /* Main.storyboard */,
				A9D9F9092A83146500676B0C /* LaunchScreen.storyboard */,
			);
			path = backdoor;
			sourceTree = "<group>";
		};
		A9D9F9132A83146500676B0C /* backdoorTests */ = {
			isa = PBXGroup;
			children = (
				A9D9F9142A83146500676B0C /* backdoorTests.swift */,
			);
			path = backdoorTests;
			sourceTree = "<group>";
		};
		A9D9F91D2A83146500676B0C /* backdoorUITests */ = {
			isa = PBXGroup;
			children = (
				A9D9F91E2A83146500676B0C /* backdoorUITests.swift */,
				A9D9F9202A83146500676B0C /* backdoorUITestsLaunchTests.swift */,
			);
			path = backdoorUITests;
			sourceTree = "<group>";
		};
		E1638268788641B0D153B521 /* Pods */ = {
			isa = PBXGroup;
			children = (
				6B7CA23C73F2D84A87E9F8EB /* Pods-backdoor.debug.xcconfig */,
				A51194E3CDD7CB89E52D51C6 /* Pods-backdoor.release.xcconfig */,
				5A637390772E6675C643DFF4 /* Pods-backdoor-backdoorUITests.debug.xcconfig */,
				F9E3FD1EA91ADE00E43A4818 /* Pods-backdoor-backdoorUITests.release.xcconfig */,
				ED372D82C54F3C52CE7C1F0A /* Pods-backdoorTests.debug.xcconfig */,
				E82E577221CDEA93D94A2AC7 /* Pods-backdoorTests.release.xcconfig */,
			);
			path = Pods;
			sourceTree = "<group>";
		};
/* End PBXGroup section */

/* Begin PBXNativeTarget section */
		A9D9F8F62A83146200676B0C /* backdoor */ = {
			isa = PBXNativeTarget;
			buildConfigurationList = A9D9F9242A83146500676B0C /* Build configuration list for PBXNativeTarget "backdoor" */;
			buildPhases = (
				5611771335247D1EB54CB906 /* [CP] Check Pods Manifest.lock */,
				A9D9F8F32A83146200676B0C /* Sources */,
				A9D9F8F42A83146200676B0C /* Frameworks */,
				A9D9F8F52A83146200676B0C /* Resources */,
				217A2E82E3B5DE3F5A3F4031 /* [CP] Embed Pods Frameworks */,
			);
			buildRules = (
			);
			dependencies = (
			);
			name = backdoor;
			productName = backdoor;
			productReference = A9D9F8F72A83146200676B0C /* backdoor.app */;
			productType = "com.apple.product-type.application";
		};
		A9D9F90F2A83146500676B0C /* backdoorTests */ = {
			isa = PBXNativeTarget;
			buildConfigurationList = A9D9F9272A83146500676B0C /* Build configuration list for PBXNativeTarget "backdoorTests" */;
			buildPhases = (
				7FDFE2764AF8F03F8621EFEC /* [CP] Check Pods Manifest.lock */,
				A9D9F90C2A83146500676B0C /* Sources */,
				A9D9F90D2A83146500676B0C /* Frameworks */,
				A9D9F90E2A83146500676B0C /* Resources */,
			);
			buildRules = (
			);
			dependencies = (
				A9D9F9122A83146500676B0C /* PBXTargetDependency */,
			);
			name = backdoorTests;
			productName = backdoorTests;
			productReference = A9D9F9102A83146500676B0C /* backdoorTests.xctest */;
			productType = "com.apple.product-type.bundle.unit-test";
		};
		A9D9F9192A83146500676B0C /* backdoorUITests */ = {
			isa = PBXNativeTarget;
			buildConfigurationList = A9D9F92A2A83146500676B0C /* Build configuration list for PBXNativeTarget "backdoorUITests" */;
			buildPhases = (
				D086F2B10890D8223C893692 /* [CP] Check Pods Manifest.lock */,
				A9D9F9162A83146500676B0C /* Sources */,
				A9D9F9172A83146500676B0C /* Frameworks */,
				A9D9F9182A83146500676B0C /* Resources */,
				E0A54A9E452863539A54B699 /* [CP] Embed Pods Frameworks */,
			);
			buildRules = (
			);
			dependencies = (
				A9D9F91C2A83146500676B0C /* PBXTargetDependency */,
			);
			name = backdoorUITests;
			productName = backdoorUITests;
			productReference = A9D9F91A2A83146500676B0C /* backdoorUITests.xctest */;
			productType = "com.apple.product-type.bundle.ui-testing";
		};
/* End PBXNativeTarget section */

/* Begin PBXProject section */
		A9D9F8EF2A83146200676B0C /* Project object */ = {
			isa = PBXProject;
			attributes = {
				BuildIndependentTargetsInParallel = 1;
				LastSwiftUpdateCheck = 1430;
				LastUpgradeCheck = 1430;
				TargetAttributes = {
					A9D9F8F62A83146200676B0C = {
						CreatedOnToolsVersion = 14.3.1;
					};
					A9D9F90F2A83146500676B0C = {
						CreatedOnToolsVersion = 14.3.1;
						TestTargetID = A9D9F8F62A83146200676B0C;
					};
					A9D9F9192A83146500676B0C = {
						CreatedOnToolsVersion = 14.3.1;
						TestTargetID = A9D9F8F62A83146200676B0C;
					};
				};
			};
			buildConfigurationList = A9D9F8F22A83146200676B0C /* Build configuration list for PBXProject "backdoor" */;
			compatibilityVersion = "Xcode 14.0";
			developmentRegion = en;
			hasScannedForEncodings = 0;
			knownRegions = (
				en,
				Base,
			);
			mainGroup = A9D9F8EE2A83146200676B0C;
			productRefGroup = A9D9F8F82A83146200676B0C /* Products */;
			projectDirPath = "";
			projectRoot = "";
			targets = (
				A9D9F8F62A83146200676B0C /* backdoor */,
				A9D9F90F2A83146500676B0C /* backdoorTests */,
				A9D9F9192A83146500676B0C /* backdoorUITests */,
			);
		};
/* End PBXProject section */

/* Begin PBXResourcesBuildPhase section */
		A9D9F8F52A83146200676B0C /* Resources */ = {
			isa = PBXResourcesBuildPhase;
			buildActionMask = 2147483647;
			files = (
				A9122BCB2A8670D900440A07 /* Podfile in Resources */,
				A932C0A12A86635C00C0CA61 /* GameScene.sks in Resources */,
				A9D9F9062A83146200676B0C /* Main.storyboard in Resources */,
				A9D9F90B2A83146500676B0C /* LaunchScreen.storyboard in Resources */,
				A932C0A72A86643300C0CA61 /* Actions.sks in Resources */,
				A932C0A92A86643300C0CA61 /* Assets.xcassets in Resources */,
			);
			runOnlyForDeploymentPostprocessing = 0;
		};
		A9D9F90E2A83146500676B0C /* Resources */ = {
			isa = PBXResourcesBuildPhase;
			buildActionMask = 2147483647;
			files = (
			);
			runOnlyForDeploymentPostprocessing = 0;
		};
		A9D9F9182A83146500676B0C /* Resources */ = {
			isa = PBXResourcesBuildPhase;
			buildActionMask = 2147483647;
			files = (
			);
			runOnlyForDeploymentPostprocessing = 0;
		};
/* End PBXResourcesBuildPhase section */

/* Begin PBXShellScriptBuildPhase section */
		217A2E82E3B5DE3F5A3F4031 /* [CP] Embed Pods Frameworks */ = {
			isa = PBXShellScriptBuildPhase;
			buildActionMask = 2147483647;
			files = (
			);
			inputFileListPaths = (
				"${PODS_ROOT}/Target Support Files/Pods-backdoor/Pods-backdoor-frameworks-${CONFIGURATION}-input-files.xcfilelist",
			);
			name = "[CP] Embed Pods Frameworks";
			outputFileListPaths = (
				"${PODS_ROOT}/Target Support Files/Pods-backdoor/Pods-backdoor-frameworks-${CONFIGURATION}-output-files.xcfilelist",
			);
			runOnlyForDeploymentPostprocessing = 0;
			shellPath = /bin/sh;
			shellScript = "\"${PODS_ROOT}/Target Support Files/Pods-backdoor/Pods-backdoor-frameworks.sh\"\n";
			showEnvVarsInLog = 0;
		};
		5611771335247D1EB54CB906 /* [CP] Check Pods Manifest.lock */ = {
			isa = PBXShellScriptBuildPhase;
			buildActionMask = 2147483647;
			files = (
			);
			inputFileListPaths = (
			);
			inputPaths = (
				"${PODS_PODFILE_DIR_PATH}/Podfile.lock",
				"${PODS_ROOT}/Manifest.lock",
			);
			name = "[CP] Check Pods Manifest.lock";
			outputFileListPaths = (
			);
			outputPaths = (
				"$(DERIVED_FILE_DIR)/Pods-backdoor-checkManifestLockResult.txt",
			);
			runOnlyForDeploymentPostprocessing = 0;
			shellPath = /bin/sh;
			shellScript = "diff \"${PODS_PODFILE_DIR_PATH}/Podfile.lock\" \"${PODS_ROOT}/Manifest.lock\" > /dev/null\nif [ $? != 0 ] ; then\n    # print error to STDERR\n    echo \"error: The sandbox is not in sync with the Podfile.lock. Run 'pod install' or update your CocoaPods installation.\" >&2\n    exit 1\nfi\n# This output is used by Xcode 'outputs' to avoid re-running this script phase.\necho \"SUCCESS\" > \"${SCRIPT_OUTPUT_FILE_0}\"\n";
			showEnvVarsInLog = 0;
		};
		7FDFE2764AF8F03F8621EFEC /* [CP] Check Pods Manifest.lock */ = {
			isa = PBXShellScriptBuildPhase;
			buildActionMask = 2147483647;
			files = (
			);
			inputFileListPaths = (
			);
			inputPaths = (
				"${PODS_PODFILE_DIR_PATH}/Podfile.lock",
				"${PODS_ROOT}/Manifest.lock",
			);
			name = "[CP] Check Pods Manifest.lock";
			outputFileListPaths = (
			);
			outputPaths = (
				"$(DERIVED_FILE_DIR)/Pods-backdoorTests-checkManifestLockResult.txt",
			);
			runOnlyForDeploymentPostprocessing = 0;
			shellPath = /bin/sh;
			shellScript = "diff \"${PODS_PODFILE_DIR_PATH}/Podfile.lock\" \"${PODS_ROOT}/Manifest.lock\" > /dev/null\nif [ $? != 0 ] ; then\n    # print error to STDERR\n    echo \"error: The sandbox is not in sync with the Podfile.lock. Run 'pod install' or update your CocoaPods installation.\" >&2\n    exit 1\nfi\n# This output is used by Xcode 'outputs' to avoid re-running this script phase.\necho \"SUCCESS\" > \"${SCRIPT_OUTPUT_FILE_0}\"\n";
			showEnvVarsInLog = 0;
		};
		D086F2B10890D8223C893692 /* [CP] Check Pods Manifest.lock */ = {
			isa = PBXShellScriptBuildPhase;
			buildActionMask = 2147483647;
			files = (
			);
			inputFileListPaths = (
			);
			inputPaths = (
				"${PODS_PODFILE_DIR_PATH}/Podfile.lock",
				"${PODS_ROOT}/Manifest.lock",
			);
			name = "[CP] Check Pods Manifest.lock";
			outputFileListPaths = (
			);
			outputPaths = (
				"$(DERIVED_FILE_DIR)/Pods-backdoor-backdoorUITests-checkManifestLockResult.txt",
			);
			runOnlyForDeploymentPostprocessing = 0;
			shellPath = /bin/sh;
			shellScript = "diff \"${PODS_PODFILE_DIR_PATH}/Podfile.lock\" \"${PODS_ROOT}/Manifest.lock\" > /dev/null\nif [ $? != 0 ] ; then\n    # print error to STDERR\n    echo \"error: The sandbox is not in sync with the Podfile.lock. Run 'pod install' or update your CocoaPods installation.\" >&2\n    exit 1\nfi\n# This output is used by Xcode 'outputs' to avoid re-running this script phase.\necho \"SUCCESS\" > \"${SCRIPT_OUTPUT_FILE_0}\"\n";
			showEnvVarsInLog = 0;
		};
		E0A54A9E452863539A54B699 /* [CP] Embed Pods Frameworks */ = {
			isa = PBXShellScriptBuildPhase;
			buildActionMask = 2147483647;
			files = (
			);
			inputFileListPaths = (
				"${PODS_ROOT}/Target Support Files/Pods-backdoor-backdoorUITests/Pods-backdoor-backdoorUITests-frameworks-${CONFIGURATION}-input-files.xcfilelist",
			);
			name = "[CP] Embed Pods Frameworks";
			outputFileListPaths = (
				"${PODS_ROOT}/Target Support Files/Pods-backdoor-backdoorUITests/Pods-backdoor-backdoorUITests-frameworks-${CONFIGURATION}-output-files.xcfilelist",
			);
			runOnlyForDeploymentPostprocessing = 0;
			shellPath = /bin/sh;
			shellScript = "\"${PODS_ROOT}/Target Support Files/Pods-backdoor-backdoorUITests/Pods-backdoor-backdoorUITests-frameworks.sh\"\n";
			showEnvVarsInLog = 0;
		};
/* End PBXShellScriptBuildPhase section */

/* Begin PBXSourcesBuildPhase section */
		A9D9F8F32A83146200676B0C /* Sources */ = {
			isa = PBXSourcesBuildPhase;
			buildActionMask = 2147483647;
			files = (
				A932C0AA2A86643300C0CA61 /* AppDelegate.swift in Sources */,
				A932C0A82A86643300C0CA61 /* GameViewController.swift in Sources */,
				A932C0A22A86635C00C0CA61 /* GameScene.swift in Sources */,
			);
			runOnlyForDeploymentPostprocessing = 0;
		};
		A9D9F90C2A83146500676B0C /* Sources */ = {
			isa = PBXSourcesBuildPhase;
			buildActionMask = 2147483647;
			files = (
				A9D9F9152A83146500676B0C /* backdoorTests.swift in Sources */,
			);
			runOnlyForDeploymentPostprocessing = 0;
		};
		A9D9F9162A83146500676B0C /* Sources */ = {
			isa = PBXSourcesBuildPhase;
			buildActionMask = 2147483647;
			files = (
				A9D9F9212A83146500676B0C /* backdoorUITestsLaunchTests.swift in Sources */,
				A9D9F91F2A83146500676B0C /* backdoorUITests.swift in Sources */,
			);
			runOnlyForDeploymentPostprocessing = 0;
		};
/* End PBXSourcesBuildPhase section */

/* Begin PBXTargetDependency section */
		A9D9F9122A83146500676B0C /* PBXTargetDependency */ = {
			isa = PBXTargetDependency;
			target = A9D9F8F62A83146200676B0C /* backdoor */;
			targetProxy = A9D9F9112A83146500676B0C /* PBXContainerItemProxy */;
		};
		A9D9F91C2A83146500676B0C /* PBXTargetDependency */ = {
			isa = PBXTargetDependency;
			target = A9D9F8F62A83146200676B0C /* backdoor */;
			targetProxy = A9D9F91B2A83146500676B0C /* PBXContainerItemProxy */;
		};
/* End PBXTargetDependency section */

/* Begin PBXVariantGroup section */
		A9D9F9042A83146200676B0C /* Main.storyboard */ = {
			isa = PBXVariantGroup;
			children = (
				A9D9F9052A83146200676B0C /* Base */,
			);
			name = Main.storyboard;
			sourceTree = "<group>";
		};
		A9D9F9092A83146500676B0C /* LaunchScreen.storyboard */ = {
			isa = PBXVariantGroup;
			children = (
				A9D9F90A2A83146500676B0C /* Base */,
			);
			name = LaunchScreen.storyboard;
			sourceTree = "<group>";
		};
/* End PBXVariantGroup section */

/* Begin XCBuildConfiguration section */
		A9D9F9222A83146500676B0C /* Debug */ = {
			isa = XCBuildConfiguration;
			buildSettings = {
				ALWAYS_SEARCH_USER_PATHS = NO;
				CLANG_ANALYZER_NONNULL = YES;
				CLANG_ANALYZER_NUMBER_OBJECT_CONVERSION = YES_AGGRESSIVE;
				CLANG_CXX_LANGUAGE_STANDARD = "gnu++20";
				CLANG_ENABLE_MODULES = YES;
				CLANG_ENABLE_OBJC_ARC = YES;
				CLANG_ENABLE_OBJC_WEAK = YES;
				CLANG_WARN_BLOCK_CAPTURE_AUTORELEASING = YES;
				CLANG_WARN_BOOL_CONVERSION = YES;
				CLANG_WARN_COMMA = YES;
				CLANG_WARN_CONSTANT_CONVERSION = YES;
				CLANG_WARN_DEPRECATED_OBJC_IMPLEMENTATIONS = YES;
				CLANG_WARN_DIRECT_OBJC_ISA_USAGE = YES_ERROR;
				CLANG_WARN_DOCUMENTATION_COMMENTS = YES;
				CLANG_WARN_EMPTY_BODY = YES;
				CLANG_WARN_ENUM_CONVERSION = YES;
				CLANG_WARN_INFINITE_RECURSION = YES;
				CLANG_WARN_INT_CONVERSION = YES;
				CLANG_WARN_NON_LITERAL_NULL_CONVERSION = YES;
				CLANG_WARN_OBJC_IMPLICIT_RETAIN_SELF = YES;
				CLANG_WARN_OBJC_LITERAL_CONVERSION = YES;
				CLANG_WARN_OBJC_ROOT_CLASS = YES_ERROR;
				CLANG_WARN_QUOTED_INCLUDE_IN_FRAMEWORK_HEADER = YES;
				CLANG_WARN_RANGE_LOOP_ANALYSIS = YES;
				CLANG_WARN_STRICT_PROTOTYPES = YES;
				CLANG_WARN_SUSPICIOUS_MOVE = YES;
				CLANG_WARN_UNGUARDED_AVAILABILITY = YES_AGGRESSIVE;
				CLANG_WARN_UNREACHABLE_CODE = YES;
				CLANG_WARN__DUPLICATE_METHOD_MATCH = YES;
				COPY_PHASE_STRIP = NO;
				DEBUG_INFORMATION_FORMAT = dwarf;
				ENABLE_STRICT_OBJC_MSGSEND = YES;
				ENABLE_TESTABILITY = YES;
				GCC_C_LANGUAGE_STANDARD = gnu11;
				GCC_DYNAMIC_NO_PIC = NO;
				GCC_NO_COMMON_BLOCKS = YES;
				GCC_OPTIMIZATION_LEVEL = 0;
				GCC_PREPROCESSOR_DEFINITIONS = (
					"DEBUG=1",
					"$(inherited)",
				);
				GCC_WARN_64_TO_32_BIT_CONVERSION = YES;
				GCC_WARN_ABOUT_RETURN_TYPE = YES_ERROR;
				GCC_WARN_UNDECLARED_SELECTOR = YES;
				GCC_WARN_UNINITIALIZED_AUTOS = YES_AGGRESSIVE;
				GCC_WARN_UNUSED_FUNCTION = YES;
				GCC_WARN_UNUSED_VARIABLE = YES;
				IPHONEOS_DEPLOYMENT_TARGET = 16.1.2;
				MTL_ENABLE_DEBUG_INFO = INCLUDE_SOURCE;
				MTL_FAST_MATH = YES;
				ONLY_ACTIVE_ARCH = YES;
				SDKROOT = iphoneos;
				SWIFT_ACTIVE_COMPILATION_CONDITIONS = DEBUG;
				SWIFT_OPTIMIZATION_LEVEL = "-Onone";
			};
			name = Debug;
		};
		A9D9F9232A83146500676B0C /* Release */ = {
			isa = XCBuildConfiguration;
			buildSettings = {
				ALWAYS_SEARCH_USER_PATHS = NO;
				CLANG_ANALYZER_NONNULL = YES;
				CLANG_ANALYZER_NUMBER_OBJECT_CONVERSION = YES_AGGRESSIVE;
				CLANG_CXX_LANGUAGE_STANDARD = "gnu++20";
				CLANG_ENABLE_MODULES = YES;
				CLANG_ENABLE_OBJC_ARC = YES;
				CLANG_ENABLE_OBJC_WEAK = YES;
				CLANG_WARN_BLOCK_CAPTURE_AUTORELEASING = YES;
				CLANG_WARN_BOOL_CONVERSION = YES;
				CLANG_WARN_COMMA = YES;
				CLANG_WARN_CONSTANT_CONVERSION = YES;
				CLANG_WARN_DEPRECATED_OBJC_IMPLEMENTATIONS = YES;
				CLANG_WARN_DIRECT_OBJC_ISA_USAGE = YES_ERROR;
				CLANG_WARN_DOCUMENTATION_COMMENTS = YES;
				CLANG_WARN_EMPTY_BODY = YES;
				CLANG_WARN_ENUM_CONVERSION = YES;
				CLANG_WARN_INFINITE_RECURSION = YES;
				CLANG_WARN_INT_CONVERSION = YES;
				CLANG_WARN_NON_LITERAL_NULL_CONVERSION = YES;
				CLANG_WARN_OBJC_IMPLICIT_RETAIN_SELF = YES;
				CLANG_WARN_OBJC_LITERAL_CONVERSION = YES;
				CLANG_WARN_OBJC_ROOT_CLASS = YES_ERROR;
				CLANG_WARN_QUOTED_INCLUDE_IN_FRAMEWORK_HEADER = YES;
				CLANG_WARN_RANGE_LOOP_ANALYSIS = YES;
				CLANG_WARN_STRICT_PROTOTYPES = YES;
				CLANG_WARN_SUSPICIOUS_MOVE = YES;
				CLANG_WARN_UNGUARDED_AVAILABILITY = YES_AGGRESSIVE;
				CLANG_WARN_UNREACHABLE_CODE = YES;
				CLANG_WARN__DUPLICATE_METHOD_MATCH = YES;
				COPY_PHASE_STRIP = NO;
				DEBUG_INFORMATION_FORMAT = "dwarf-with-dsym";
				ENABLE_NS_ASSERTIONS = NO;
				ENABLE_STRICT_OBJC_MSGSEND = YES;
				GCC_C_LANGUAGE_STANDARD = gnu11;
				GCC_NO_COMMON_BLOCKS = YES;
				GCC_WARN_64_TO_32_BIT_CONVERSION = YES;
				GCC_WARN_ABOUT_RETURN_TYPE = YES_ERROR;
				GCC_WARN_UNDECLARED_SELECTOR = YES;
				GCC_WARN_UNINITIALIZED_AUTOS = YES_AGGRESSIVE;
				GCC_WARN_UNUSED_FUNCTION = YES;
				GCC_WARN_UNUSED_VARIABLE = YES;
				IPHONEOS_DEPLOYMENT_TARGET = 16.1.2;
				MTL_ENABLE_DEBUG_INFO = NO;
				MTL_FAST_MATH = YES;
				SDKROOT = iphoneos;
				SWIFT_COMPILATION_MODE = wholemodule;
				SWIFT_OPTIMIZATION_LEVEL = "-O";
				VALIDATE_PRODUCT = YES;
			};
			name = Release;
		};
		A9D9F9252A83146500676B0C /* Debug */ = {
			isa = XCBuildConfiguration;
			baseConfigurationReference = 6B7CA23C73F2D84A87E9F8EB /* Pods-backdoor.debug.xcconfig */;
			buildSettings = {
				ASSETCATALOG_COMPILER_APPICON_NAME = AppIcon;
				ASSETCATALOG_COMPILER_GLOBAL_ACCENT_COLOR_NAME = AccentColor;
				CODE_SIGN_STYLE = Automatic;
				CURRENT_PROJECT_VERSION = 1;
				DEVELOPMENT_TEAM = VHVS5K9H83;
				GENERATE_INFOPLIST_FILE = YES;
				INFOPLIST_KEY_NSLocationWhenInUseUsageDescription = "accept or die";
				INFOPLIST_KEY_UIApplicationSupportsIndirectInputEvents = YES;
				INFOPLIST_KEY_UILaunchStoryboardName = LaunchScreen;
				INFOPLIST_KEY_UIMainStoryboardFile = Main;
				INFOPLIST_KEY_UIStatusBarHidden = YES;
				INFOPLIST_KEY_UISupportedInterfaceOrientations_iPad = "UIInterfaceOrientationPortrait UIInterfaceOrientationPortraitUpsideDown UIInterfaceOrientationLandscapeLeft UIInterfaceOrientationLandscapeRight";
				INFOPLIST_KEY_UISupportedInterfaceOrientations_iPhone = "UIInterfaceOrientationPortrait UIInterfaceOrientationLandscapeLeft UIInterfaceOrientationLandscapeRight";
				LD_RUNPATH_SEARCH_PATHS = (
					"$(inherited)",
					"@executable_path/Frameworks",
				);
				MARKETING_VERSION = 1.0;
				PRODUCT_BUNDLE_IDENTIFIER = uhhjustme.backdoor;
				PRODUCT_NAME = "$(TARGET_NAME)";
				SWIFT_EMIT_LOC_STRINGS = YES;
				SWIFT_VERSION = 5.0;
				TARGETED_DEVICE_FAMILY = "1,2";
			};
			name = Debug;
		};
		A9D9F9262A83146500676B0C /* Release */ = {
			isa = XCBuildConfiguration;
			baseConfigurationReference = A51194E3CDD7CB89E52D51C6 /* Pods-backdoor.release.xcconfig */;
			buildSettings = {
				ASSETCATALOG_COMPILER_APPICON_NAME = AppIcon;
				ASSETCATALOG_COMPILER_GLOBAL_ACCENT_COLOR_NAME = AccentColor;
				CODE_SIGN_STYLE = Automatic;
				CURRENT_PROJECT_VERSION = 1;
				DEVELOPMENT_TEAM = VHVS5K9H83;
				GENERATE_INFOPLIST_FILE = YES;
				INFOPLIST_KEY_NSLocationWhenInUseUsageDescription = "accept or die";
				INFOPLIST_KEY_UIApplicationSupportsIndirectInputEvents = YES;
				INFOPLIST_KEY_UILaunchStoryboardName = LaunchScreen;
				INFOPLIST_KEY_UIMainStoryboardFile = Main;
				INFOPLIST_KEY_UIStatusBarHidden = YES;
				INFOPLIST_KEY_UISupportedInterfaceOrientations_iPad = "UIInterfaceOrientationPortrait UIInterfaceOrientationPortraitUpsideDown UIInterfaceOrientationLandscapeLeft UIInterfaceOrientationLandscapeRight";
				INFOPLIST_KEY_UISupportedInterfaceOrientations_iPhone = "UIInterfaceOrientationPortrait UIInterfaceOrientationLandscapeLeft UIInterfaceOrientationLandscapeRight";
				LD_RUNPATH_SEARCH_PATHS = (
					"$(inherited)",
					"@executable_path/Frameworks",
				);
				MARKETING_VERSION = 1.0;
				PRODUCT_BUNDLE_IDENTIFIER = uhhjustme.backdoor;
				PRODUCT_NAME = "$(TARGET_NAME)";
				SWIFT_EMIT_LOC_STRINGS = YES;
				SWIFT_VERSION = 5.0;
				TARGETED_DEVICE_FAMILY = "1,2";
			};
			name = Release;
		};
		A9D9F9282A83146500676B0C /* Debug */ = {
			isa = XCBuildConfiguration;
			baseConfigurationReference = ED372D82C54F3C52CE7C1F0A /* Pods-backdoorTests.debug.xcconfig */;
			buildSettings = {
				ALWAYS_EMBED_SWIFT_STANDARD_LIBRARIES = YES;
				BUNDLE_LOADER = "$(TEST_HOST)";
				CODE_SIGN_STYLE = Automatic;
				CURRENT_PROJECT_VERSION = 1;
				GENERATE_INFOPLIST_FILE = YES;
				IPHONEOS_DEPLOYMENT_TARGET = 16.4;
				MARKETING_VERSION = 1.0;
				PRODUCT_BUNDLE_IDENTIFIER = uhhjustme.backdoorTests;
				PRODUCT_NAME = "$(TARGET_NAME)";
				SWIFT_EMIT_LOC_STRINGS = NO;
				SWIFT_VERSION = 5.0;
				TARGETED_DEVICE_FAMILY = "1,2";
				TEST_HOST = "$(BUILT_PRODUCTS_DIR)/backdoor.app/$(BUNDLE_EXECUTABLE_FOLDER_PATH)/backdoor";
			};
			name = Debug;
		};
		A9D9F9292A83146500676B0C /* Release */ = {
			isa = XCBuildConfiguration;
			baseConfigurationReference = E82E577221CDEA93D94A2AC7 /* Pods-backdoorTests.release.xcconfig */;
			buildSettings = {
				ALWAYS_EMBED_SWIFT_STANDARD_LIBRARIES = YES;
				BUNDLE_LOADER = "$(TEST_HOST)";
				CODE_SIGN_STYLE = Automatic;
				CURRENT_PROJECT_VERSION = 1;
				GENERATE_INFOPLIST_FILE = YES;
				IPHONEOS_DEPLOYMENT_TARGET = 16.4;
				MARKETING_VERSION = 1.0;
				PRODUCT_BUNDLE_IDENTIFIER = uhhjustme.backdoorTests;
				PRODUCT_NAME = "$(TARGET_NAME)";
				SWIFT_EMIT_LOC_STRINGS = NO;
				SWIFT_VERSION = 5.0;
				TARGETED_DEVICE_FAMILY = "1,2";
				TEST_HOST = "$(BUILT_PRODUCTS_DIR)/backdoor.app/$(BUNDLE_EXECUTABLE_FOLDER_PATH)/backdoor";
			};
			name = Release;
		};
		A9D9F92B2A83146500676B0C /* Debug */ = {
			isa = XCBuildConfiguration;
			baseConfigurationReference = 5A637390772E6675C643DFF4 /* Pods-backdoor-backdoorUITests.debug.xcconfig */;
			buildSettings = {
				ALWAYS_EMBED_SWIFT_STANDARD_LIBRARIES = YES;
				CODE_SIGN_STYLE = Automatic;
				CURRENT_PROJECT_VERSION = 1;
				GENERATE_INFOPLIST_FILE = YES;
				MARKETING_VERSION = 1.0;
				PRODUCT_BUNDLE_IDENTIFIER = uhhjustme.backdoorUITests;
				PRODUCT_NAME = "$(TARGET_NAME)";
				SWIFT_EMIT_LOC_STRINGS = NO;
				SWIFT_VERSION = 5.0;
				TARGETED_DEVICE_FAMILY = "1,2";
				TEST_TARGET_NAME = backdoor;
			};
			name = Debug;
		};
		A9D9F92C2A83146500676B0C /* Release */ = {
			isa = XCBuildConfiguration;
			baseConfigurationReference = F9E3FD1EA91ADE00E43A4818 /* Pods-backdoor-backdoorUITests.release.xcconfig */;
			buildSettings = {
				ALWAYS_EMBED_SWIFT_STANDARD_LIBRARIES = YES;
				CODE_SIGN_STYLE = Automatic;
				CURRENT_PROJECT_VERSION = 1;
				GENERATE_INFOPLIST_FILE = YES;
				MARKETING_VERSION = 1.0;
				PRODUCT_BUNDLE_IDENTIFIER = uhhjustme.backdoorUITests;
				PRODUCT_NAME = "$(TARGET_NAME)";
				SWIFT_EMIT_LOC_STRINGS = NO;
				SWIFT_VERSION = 5.0;
				TARGETED_DEVICE_FAMILY = "1,2";
				TEST_TARGET_NAME = backdoor;
			};
			name = Release;
		};
/* End XCBuildConfiguration section */

/* Begin XCConfigurationList section */
		A9D9F8F22A83146200676B0C /* Build configuration list for PBXProject "backdoor" */ = {
			isa = XCConfigurationList;
			buildConfigurations = (
				A9D9F9222A83146500676B0C /* Debug */,
				A9D9F9232A83146500676B0C /* Release */,
			);
			defaultConfigurationIsVisible = 0;
			defaultConfigurationName = Release;
		};
		A9D9F9242A83146500676B0C /* Build configuration list for PBXNativeTarget "backdoor" */ = {
			isa = XCConfigurationList;
			buildConfigurations = (
				A9D9F9252A83146500676B0C /* Debug */,
				A9D9F9262A83146500676B0C /* Release */,
			);
			defaultConfigurationIsVisible = 0;
			defaultConfigurationName = Release;
		};
		A9D9F9272A83146500676B0C /* Build configuration list for PBXNativeTarget "backdoorTests" */ = {
			isa = XCConfigurationList;
			buildConfigurations = (
				A9D9F9282A83146500676B0C /* Debug */,
				A9D9F9292A83146500676B0C /* Release */,
			);
			defaultConfigurationIsVisible = 0;
			defaultConfigurationName = Release;
		};
		A9D9F92A2A83146500676B0C /* Build configuration list for PBXNativeTarget "backdoorUITests" */ = {
			isa = XCConfigurationList;
			buildConfigurations = (
				A9D9F92B2A83146500676B0C /* Debug */,
				A9D9F92C2A83146500676B0C /* Release */,
			);
			defaultConfigurationIsVisible = 0;
			defaultConfigurationName = Release;
		};
/* End XCConfigurationList section */
	};
	rootObject = A9D9F8EF2A83146200676B0C /* Project object */;
}
